
Microsoft Visual Studio Solution File, Format Version 9.00
# Visual Studio 2005
# SharpDevelop 2.2.1.2648
Project("{FAE04EC0-301F-11D3-BF4B-00C04F79EFBC}") = "Core", "Core.csproj", "{6CA443D8-B837-45AA-98E0-0F9D75CB329F}"
EndProject
Project("{F184B08F-C81C-45F6-A57F-5ABD9991F28F}") = "Core.Converted", "..\Core.ConvertedToVBNet\Core.Converted.vbproj", "{48EB5192-B090-4443-8604-CAE78A57506C}"
EndProject
Global
	GlobalSection(SolutionConfigurationPlatforms) = preSolution
		Debug|Any CPU = Debug|Any CPU
		Release|Any CPU = Release|Any CPU
	EndGlobalSection
	GlobalSection(ProjectConfigurationPlatforms) = postSolution
		{6CA443D8-B837-45AA-98E0-0F9D75CB329F}.Debug|Any CPU.Build.0 = Debug|Any CPU
		{6CA443D8-B837-45AA-98E0-0F9D75CB329F}.Debug|Any CPU.ActiveCfg = Debug|Any CPU
		{6CA443D8-B837-45AA-98E0-0F9D75CB329F}.Release|Any CPU.Build.0 = Release|Any CPU
		{6CA443D8-B837-45AA-98E0-0F9D75CB329F}.Release|Any CPU.ActiveCfg = Release|Any CPU
		{48EB5192-B090-4443-8604-CAE78A57506C}.Debug|Any CPU.Build.0 = Debug|Any CPU
		{48EB5192-B090-4443-8604-CAE78A57506C}.Debug|Any CPU.ActiveCfg = Debug|Any CPU
		{48EB5192-B090-4443-8604-CAE78A57506C}.Release|Any CPU.Build.0 = Release|Any CPU
		{48EB5192-B090-4443-8604-CAE78A57506C}.Release|Any CPU.ActiveCfg = Release|Any CPU
	EndGlobalSection
EndGlobal
