
Microsoft Visual Studio Solution File, Format Version 9.00
# Visual Studio 2005
# SharpDevelop 2.2.1.2648
Project("{FAE04EC0-301F-11D3-BF4B-00C04F79EFBC}") = "Pako", "Pako\Pako.csproj", "{C6D8A0C8-08E2-4E1F-B1DC-492931C6C5A8}"
EndProject
Global
	GlobalSection(SolutionConfigurationPlatforms) = preSolution
		Debug|Any CPU = Debug|Any CPU
		Release|Any CPU = Release|Any CPU
	EndGlobalSection
	GlobalSection(ProjectConfigurationPlatforms) = postSolution
		{C6D8A0C8-08E2-4E1F-B1DC-492931C6C5A8}.Debug|Any CPU.ActiveCfg = Release|Any CPU
		{C6D8A0C8-08E2-4E1F-B1DC-492931C6C5A8}.Debug|Any CPU.Build.0 = Release|Any CPU
		{C6D8A0C8-08E2-4E1F-B1DC-492931C6C5A8}.Release|Any CPU.ActiveCfg = Release|Any CPU
		{C6D8A0C8-08E2-4E1F-B1DC-492931C6C5A8}.Release|Any CPU.Build.0 = Release|Any CPU
	EndGlobalSection
	GlobalSection(SolutionProperties) = preSolution
		HideSolutionNode = FALSE
	EndGlobalSection
EndGlobal
